
Microsoft Visual Studio Solution File, Format Version 12.00
# Visual Studio 15
VisualStudioVersion = 15.0.28010.2036
MinimumVisualStudioVersion = 10.0.40219.1
Project("{FAE04EC0-301F-11D3-BF4B-00C04F79EFBC}") = "CarInfoBackEnd", "CarInfoBackEnd\CarInfoBackEnd.csproj", "{97947622-E136-4AAE-9C55-6974921BCB9F}"
EndProject
Project("{FAE04EC0-301F-11D3-BF4B-00C04F79EFBC}") = "CarInfoModels", "CarInfoModels\CarInfoModels.csproj", "{A774CB17-F9F3-49F0-9484-539AEC5FF51C}"
EndProject
Project("{FAE04EC0-301F-11D3-BF4B-00C04F79EFBC}") = "CarInfoRepositories", "CarInfoRepositories\CarInfoRepositories.csproj", "{9A4DC776-8964-4829-88EF-2555D9F7C271}"
EndProject
Project("{FAE04EC0-301F-11D3-BF4B-00C04F79EFBC}") = "CarInfoInfrastructure", "CarInfoInfrastructure\CarInfoInfrastructure.csproj", "{2A5DBAF2-5B1D-431B-9C3A-5EA9BF2E1650}"
EndProject
Project("{FAE04EC0-301F-11D3-BF4B-00C04F79EFBC}") = "CarInfoServices", "CarInfoServices\CarInfoServices.csproj", "{CF58D66D-99D5-4555-9C04-7283413611C2}"
EndProject
Global
	GlobalSection(SolutionConfigurationPlatforms) = preSolution
		Debug|Any CPU = Debug|Any CPU
		Release|Any CPU = Release|Any CPU
	EndGlobalSection
	GlobalSection(ProjectConfigurationPlatforms) = postSolution
		{97947622-E136-4AAE-9C55-6974921BCB9F}.Debug|Any CPU.ActiveCfg = Debug|Any CPU
		{97947622-E136-4AAE-9C55-6974921BCB9F}.Debug|Any CPU.Build.0 = Debug|Any CPU
		{97947622-E136-4AAE-9C55-6974921BCB9F}.Release|Any CPU.ActiveCfg = Release|Any CPU
		{97947622-E136-4AAE-9C55-6974921BCB9F}.Release|Any CPU.Build.0 = Release|Any CPU
		{A774CB17-F9F3-49F0-9484-539AEC5FF51C}.Debug|Any CPU.ActiveCfg = Debug|Any CPU
		{A774CB17-F9F3-49F0-9484-539AEC5FF51C}.Debug|Any CPU.Build.0 = Debug|Any CPU
		{A774CB17-F9F3-49F0-9484-539AEC5FF51C}.Release|Any CPU.ActiveCfg = Release|Any CPU
		{A774CB17-F9F3-49F0-9484-539AEC5FF51C}.Release|Any CPU.Build.0 = Release|Any CPU
		{9A4DC776-8964-4829-88EF-2555D9F7C271}.Debug|Any CPU.ActiveCfg = Debug|Any CPU
		{9A4DC776-8964-4829-88EF-2555D9F7C271}.Debug|Any CPU.Build.0 = Debug|Any CPU
		{9A4DC776-8964-4829-88EF-2555D9F7C271}.Release|Any CPU.ActiveCfg = Release|Any CPU
		{9A4DC776-8964-4829-88EF-2555D9F7C271}.Release|Any CPU.Build.0 = Release|Any CPU
		{2A5DBAF2-5B1D-431B-9C3A-5EA9BF2E1650}.Debug|Any CPU.ActiveCfg = Debug|Any CPU
		{2A5DBAF2-5B1D-431B-9C3A-5EA9BF2E1650}.Debug|Any CPU.Build.0 = Debug|Any CPU
		{2A5DBAF2-5B1D-431B-9C3A-5EA9BF2E1650}.Release|Any CPU.ActiveCfg = Release|Any CPU
		{2A5DBAF2-5B1D-431B-9C3A-5EA9BF2E1650}.Release|Any CPU.Build.0 = Release|Any CPU
		{CF58D66D-99D5-4555-9C04-7283413611C2}.Debug|Any CPU.ActiveCfg = Debug|Any CPU
		{CF58D66D-99D5-4555-9C04-7283413611C2}.Debug|Any CPU.Build.0 = Debug|Any CPU
		{CF58D66D-99D5-4555-9C04-7283413611C2}.Release|Any CPU.ActiveCfg = Release|Any CPU
		{CF58D66D-99D5-4555-9C04-7283413611C2}.Release|Any CPU.Build.0 = Release|Any CPU
	EndGlobalSection
	GlobalSection(SolutionProperties) = preSolution
		HideSolutionNode = FALSE
	EndGlobalSection
	GlobalSection(ExtensibilityGlobals) = postSolution
		SolutionGuid = {2875D782-3460-412D-9109-18EC1B787628}
	EndGlobalSection
EndGlobal
